// !$*UTF8*$!
{
	archiveVersion = 1;
	classes = {
	};
	objectVersion = 77;
	objects = {

/* Begin PBXBuildFile section */
		B67742102D63C01100005E70 /* Recipes in Frameworks */ = {isa = PBXBuildFile; productRef = B677420F2D63C01100005E70 /* Recipes */; };
		B67742142D63C1F900005E70 /* NetworkKit in Frameworks */ = {isa = PBXBuildFile; productRef = B67742132D63C1F900005E70 /* NetworkKit */; };
		B67742512D67C11400005E70 /* Utilities in Frameworks */ = {isa = PBXBuildFile; productRef = B67742502D67C11400005E70 /* Utilities */; };
/* End PBXBuildFile section */

/* Begin PBXContainerItemProxy section */
		B67741D52D54916B00005E70 /* PBXContainerItemProxy */ = {
			isa = PBXContainerItemProxy;
			containerPortal = B67741BC2D54916900005E70 /* Project object */;
			proxyType = 1;
			remoteGlobalIDString = B67741C32D54916900005E70;
			remoteInfo = PocketCookbook;
		};
		B67741DF2D54916B00005E70 /* PBXContainerItemProxy */ = {
			isa = PBXContainerItemProxy;
			containerPortal = B67741BC2D54916900005E70 /* Project object */;
			proxyType = 1;
			remoteGlobalIDString = B67741C32D54916900005E70;
			remoteInfo = PocketCookbook;
		};
/* End PBXContainerItemProxy section */

/* Begin PBXFileReference section */
		B67741C42D54916900005E70 /* PocketCookbook.app */ = {isa = PBXFileReference; explicitFileType = wrapper.application; includeInIndex = 0; path = PocketCookbook.app; sourceTree = BUILT_PRODUCTS_DIR; };
		B67741D42D54916B00005E70 /* PocketCookbookTests.xctest */ = {isa = PBXFileReference; explicitFileType = wrapper.cfbundle; includeInIndex = 0; path = PocketCookbookTests.xctest; sourceTree = BUILT_PRODUCTS_DIR; };
		B67741DE2D54916B00005E70 /* PocketCookbookUITests.xctest */ = {isa = PBXFileReference; explicitFileType = wrapper.cfbundle; includeInIndex = 0; path = PocketCookbookUITests.xctest; sourceTree = BUILT_PRODUCTS_DIR; };
		B677420D2D63BFC900005E70 /* Recipes */ = {isa = PBXFileReference; lastKnownFileType = wrapper; path = Recipes; sourceTree = "<group>"; };
		B67742112D63C19000005E70 /* NetworkKit */ = {isa = PBXFileReference; lastKnownFileType = wrapper; path = NetworkKit; sourceTree = "<group>"; };
		B677424E2D67C09900005E70 /* Utilities */ = {isa = PBXFileReference; lastKnownFileType = wrapper; path = Utilities; sourceTree = "<group>"; };
/* End PBXFileReference section */

/* Begin PBXFileSystemSynchronizedRootGroup section */
		B67741C62D54916900005E70 /* PocketCookbook */ = {
			isa = PBXFileSystemSynchronizedRootGroup;
			path = PocketCookbook;
			sourceTree = "<group>";
		};
		B67741D72D54916B00005E70 /* PocketCookbookTests */ = {
			isa = PBXFileSystemSynchronizedRootGroup;
			path = PocketCookbookTests;
			sourceTree = "<group>";
		};
		B67741E12D54916B00005E70 /* PocketCookbookUITests */ = {
			isa = PBXFileSystemSynchronizedRootGroup;
			path = PocketCookbookUITests;
			sourceTree = "<group>";
		};
/* End PBXFileSystemSynchronizedRootGroup section */

/* Begin PBXFrameworksBuildPhase section */
		B67741C12D54916900005E70 /* Frameworks */ = {
			isa = PBXFrameworksBuildPhase;
			buildActionMask = 2147483647;
			files = (
				B67742142D63C1F900005E70 /* NetworkKit in Frameworks */,
				B67742512D67C11400005E70 /* Utilities in Frameworks */,
				B67742102D63C01100005E70 /* Recipes in Frameworks */,
			);
			runOnlyForDeploymentPostprocessing = 0;
		};
		B67741D12D54916B00005E70 /* Frameworks */ = {
			isa = PBXFrameworksBuildPhase;
			buildActionMask = 2147483647;
			files = (
			);
			runOnlyForDeploymentPostprocessing = 0;
		};
		B67741DB2D54916B00005E70 /* Frameworks */ = {
			isa = PBXFrameworksBuildPhase;
			buildActionMask = 2147483647;
			files = (
			);
			runOnlyForDeploymentPostprocessing = 0;
		};
/* End PBXFrameworksBuildPhase section */

/* Begin PBXGroup section */
		B67741BB2D54916900005E70 = {
			isa = PBXGroup;
			children = (
				B677424E2D67C09900005E70 /* Utilities */,
				B67742112D63C19000005E70 /* NetworkKit */,
				B677420D2D63BFC900005E70 /* Recipes */,
				B67741C62D54916900005E70 /* PocketCookbook */,
				B67741D72D54916B00005E70 /* PocketCookbookTests */,
				B67741E12D54916B00005E70 /* PocketCookbookUITests */,
				B67741C52D54916900005E70 /* Products */,
			);
			sourceTree = "<group>";
		};
		B67741C52D54916900005E70 /* Products */ = {
			isa = PBXGroup;
			children = (
				B67741C42D54916900005E70 /* PocketCookbook.app */,
				B67741D42D54916B00005E70 /* PocketCookbookTests.xctest */,
				B67741DE2D54916B00005E70 /* PocketCookbookUITests.xctest */,
			);
			name = Products;
			sourceTree = "<group>";
		};
/* End PBXGroup section */

/* Begin PBXNativeTarget section */
		B67741C32D54916900005E70 /* PocketCookbook */ = {
			isa = PBXNativeTarget;
			buildConfigurationList = B67741E82D54916B00005E70 /* Build configuration list for PBXNativeTarget "PocketCookbook" */;
			buildPhases = (
				B67741C02D54916900005E70 /* Sources */,
				B67741C12D54916900005E70 /* Frameworks */,
				B67741C22D54916900005E70 /* Resources */,
			);
			buildRules = (
			);
			dependencies = (
			);
			fileSystemSynchronizedGroups = (
				B67741C62D54916900005E70 /* PocketCookbook */,
			);
			name = PocketCookbook;
			packageProductDependencies = (
				B677420F2D63C01100005E70 /* Recipes */,
				B67742132D63C1F900005E70 /* NetworkKit */,
				B67742502D67C11400005E70 /* Utilities */,
			);
			productName = PocketCookbook;
			productReference = B67741C42D54916900005E70 /* PocketCookbook.app */;
			productType = "com.apple.product-type.application";
		};
		B67741D32D54916B00005E70 /* PocketCookbookTests */ = {
			isa = PBXNativeTarget;
			buildConfigurationList = B67741EB2D54916B00005E70 /* Build configuration list for PBXNativeTarget "PocketCookbookTests" */;
			buildPhases = (
				B67741D02D54916B00005E70 /* Sources */,
				B67741D12D54916B00005E70 /* Frameworks */,
				B67741D22D54916B00005E70 /* Resources */,
			);
			buildRules = (
			);
			dependencies = (
				B67741D62D54916B00005E70 /* PBXTargetDependency */,
			);
			fileSystemSynchronizedGroups = (
				B67741D72D54916B00005E70 /* PocketCookbookTests */,
			);
			name = PocketCookbookTests;
			packageProductDependencies = (
			);
			productName = PocketCookbookTests;
			productReference = B67741D42D54916B00005E70 /* PocketCookbookTests.xctest */;
			productType = "com.apple.product-type.bundle.unit-test";
		};
		B67741DD2D54916B00005E70 /* PocketCookbookUITests */ = {
			isa = PBXNativeTarget;
			buildConfigurationList = B67741EE2D54916B00005E70 /* Build configuration list for PBXNativeTarget "PocketCookbookUITests" */;
			buildPhases = (
				B67741DA2D54916B00005E70 /* Sources */,
				B67741DB2D54916B00005E70 /* Frameworks */,
				B67741DC2D54916B00005E70 /* Resources */,
			);
			buildRules = (
			);
			dependencies = (
				B67741E02D54916B00005E70 /* PBXTargetDependency */,
			);
			fileSystemSynchronizedGroups = (
				B67741E12D54916B00005E70 /* PocketCookbookUITests */,
			);
			name = PocketCookbookUITests;
			packageProductDependencies = (
			);
			productName = PocketCookbookUITests;
			productReference = B67741DE2D54916B00005E70 /* PocketCookbookUITests.xctest */;
			productType = "com.apple.product-type.bundle.ui-testing";
		};
/* End PBXNativeTarget section */

/* Begin PBXProject section */
		B67741BC2D54916900005E70 /* Project object */ = {
			isa = PBXProject;
			attributes = {
				BuildIndependentTargetsInParallel = 1;
				LastSwiftUpdateCheck = 1620;
				LastUpgradeCheck = 1620;
				TargetAttributes = {
					B67741C32D54916900005E70 = {
						CreatedOnToolsVersion = 16.2;
					};
					B67741D32D54916B00005E70 = {
						CreatedOnToolsVersion = 16.2;
						TestTargetID = B67741C32D54916900005E70;
					};
					B67741DD2D54916B00005E70 = {
						CreatedOnToolsVersion = 16.2;
						TestTargetID = B67741C32D54916900005E70;
					};
				};
			};
			buildConfigurationList = B67741BF2D54916900005E70 /* Build configuration list for PBXProject "PocketCookbook" */;
			developmentRegion = en;
			hasScannedForEncodings = 0;
			knownRegions = (
				en,
				Base,
			);
			mainGroup = B67741BB2D54916900005E70;
			minimizedProjectReferenceProxies = 1;
			packageReferences = (
				B677420E2D63C01100005E70 /* XCLocalSwiftPackageReference "Recipes" */,
				B67742122D63C1F900005E70 /* XCLocalSwiftPackageReference "NetworkKit" */,
				B677424F2D67C11400005E70 /* XCLocalSwiftPackageReference "Utilities" */,
			);
			preferredProjectObjectVersion = 77;
			productRefGroup = B67741C52D54916900005E70 /* Products */;
			projectDirPath = "";
			projectRoot = "";
			targets = (
				B67741C32D54916900005E70 /* PocketCookbook */,
				B67741D32D54916B00005E70 /* PocketCookbookTests */,
				B67741DD2D54916B00005E70 /* PocketCookbookUITests */,
			);
		};
/* End PBXProject section */

/* Begin PBXResourcesBuildPhase section */
		B67741C22D54916900005E70 /* Resources */ = {
			isa = PBXResourcesBuildPhase;
			buildActionMask = 2147483647;
			files = (
			);
			runOnlyForDeploymentPostprocessing = 0;
		};
		B67741D22D54916B00005E70 /* Resources */ = {
			isa = PBXResourcesBuildPhase;
			buildActionMask = 2147483647;
			files = (
			);
			runOnlyForDeploymentPostprocessing = 0;
		};
		B67741DC2D54916B00005E70 /* Resources */ = {
			isa = PBXResourcesBuildPhase;
			buildActionMask = 2147483647;
			files = (
			);
			runOnlyForDeploymentPostprocessing = 0;
		};
/* End PBXResourcesBuildPhase section */

/* Begin PBXSourcesBuildPhase section */
		B67741C02D54916900005E70 /* Sources */ = {
			isa = PBXSourcesBuildPhase;
			buildActionMask = 2147483647;
			files = (
			);
			runOnlyForDeploymentPostprocessing = 0;
		};
		B67741D02D54916B00005E70 /* Sources */ = {
			isa = PBXSourcesBuildPhase;
			buildActionMask = 2147483647;
			files = (
			);
			runOnlyForDeploymentPostprocessing = 0;
		};
		B67741DA2D54916B00005E70 /* Sources */ = {
			isa = PBXSourcesBuildPhase;
			buildActionMask = 2147483647;
			files = (
			);
			runOnlyForDeploymentPostprocessing = 0;
		};
/* End PBXSourcesBuildPhase section */

/* Begin PBXTargetDependency section */
		B67741D62D54916B00005E70 /* PBXTargetDependency */ = {
			isa = PBXTargetDependency;
			target = B67741C32D54916900005E70 /* PocketCookbook */;
			targetProxy = B67741D52D54916B00005E70 /* PBXContainerItemProxy */;
		};
		B67741E02D54916B00005E70 /* PBXTargetDependency */ = {
			isa = PBXTargetDependency;
			target = B67741C32D54916900005E70 /* PocketCookbook */;
			targetProxy = B67741DF2D54916B00005E70 /* PBXContainerItemProxy */;
		};
/* End PBXTargetDependency section */

/* Begin XCBuildConfiguration section */
		B67741E62D54916B00005E70 /* Debug */ = {
			isa = XCBuildConfiguration;
			buildSettings = {
				ALWAYS_SEARCH_USER_PATHS = NO;
				ASSETCATALOG_COMPILER_GENERATE_SWIFT_ASSET_SYMBOL_EXTENSIONS = YES;
				CLANG_ANALYZER_NONNULL = YES;
				CLANG_ANALYZER_NUMBER_OBJECT_CONVERSION = YES_AGGRESSIVE;
				CLANG_CXX_LANGUAGE_STANDARD = "gnu++20";
				CLANG_ENABLE_MODULES = YES;
				CLANG_ENABLE_OBJC_ARC = YES;
				CLANG_ENABLE_OBJC_WEAK = YES;
				CLANG_WARN_BLOCK_CAPTURE_AUTORELEASING = YES;
				CLANG_WARN_BOOL_CONVERSION = YES;
				CLANG_WARN_COMMA = YES;
				CLANG_WARN_CONSTANT_CONVERSION = YES;
				CLANG_WARN_DEPRECATED_OBJC_IMPLEMENTATIONS = YES;
				CLANG_WARN_DIRECT_OBJC_ISA_USAGE = YES_ERROR;
				CLANG_WARN_DOCUMENTATION_COMMENTS = YES;
				CLANG_WARN_EMPTY_BODY = YES;
				CLANG_WARN_ENUM_CONVERSION = YES;
				CLANG_WARN_INFINITE_RECURSION = YES;
				CLANG_WARN_INT_CONVERSION = YES;
				CLANG_WARN_NON_LITERAL_NULL_CONVERSION = YES;
				CLANG_WARN_OBJC_IMPLICIT_RETAIN_SELF = YES;
				CLANG_WARN_OBJC_LITERAL_CONVERSION = YES;
				CLANG_WARN_OBJC_ROOT_CLASS = YES_ERROR;
				CLANG_WARN_QUOTED_INCLUDE_IN_FRAMEWORK_HEADER = YES;
				CLANG_WARN_RANGE_LOOP_ANALYSIS = YES;
				CLANG_WARN_STRICT_PROTOTYPES = YES;
				CLANG_WARN_SUSPICIOUS_MOVE = YES;
				CLANG_WARN_UNGUARDED_AVAILABILITY = YES_AGGRESSIVE;
				CLANG_WARN_UNREACHABLE_CODE = YES;
				CLANG_WARN__DUPLICATE_METHOD_MATCH = YES;
				COPY_PHASE_STRIP = NO;
				DEBUG_INFORMATION_FORMAT = dwarf;
				ENABLE_STRICT_OBJC_MSGSEND = YES;
				ENABLE_TESTABILITY = YES;
				ENABLE_USER_SCRIPT_SANDBOXING = YES;
				GCC_C_LANGUAGE_STANDARD = gnu17;
				GCC_DYNAMIC_NO_PIC = NO;
				GCC_NO_COMMON_BLOCKS = YES;
				GCC_OPTIMIZATION_LEVEL = 0;
				GCC_PREPROCESSOR_DEFINITIONS = (
					"DEBUG=1",
					"$(inherited)",
				);
				GCC_WARN_64_TO_32_BIT_CONVERSION = YES;
				GCC_WARN_ABOUT_RETURN_TYPE = YES_ERROR;
				GCC_WARN_UNDECLARED_SELECTOR = YES;
				GCC_WARN_UNINITIALIZED_AUTOS = YES_AGGRESSIVE;
				GCC_WARN_UNUSED_FUNCTION = YES;
				GCC_WARN_UNUSED_VARIABLE = YES;
				IPHONEOS_DEPLOYMENT_TARGET = 18.2;
				LOCALIZATION_PREFERS_STRING_CATALOGS = YES;
				MTL_ENABLE_DEBUG_INFO = INCLUDE_SOURCE;
				MTL_FAST_MATH = YES;
				ONLY_ACTIVE_ARCH = YES;
				SDKROOT = iphoneos;
				SWIFT_ACTIVE_COMPILATION_CONDITIONS = "DEBUG $(inherited)";
				SWIFT_OPTIMIZATION_LEVEL = "-Onone";
			};
			name = Debug;
		};
		B67741E72D54916B00005E70 /* Release */ = {
			isa = XCBuildConfiguration;
			buildSettings = {
				ALWAYS_SEARCH_USER_PATHS = NO;
				ASSETCATALOG_COMPILER_GENERATE_SWIFT_ASSET_SYMBOL_EXTENSIONS = YES;
				CLANG_ANALYZER_NONNULL = YES;
				CLANG_ANALYZER_NUMBER_OBJECT_CONVERSION = YES_AGGRESSIVE;
				CLANG_CXX_LANGUAGE_STANDARD = "gnu++20";
				CLANG_ENABLE_MODULES = YES;
				CLANG_ENABLE_OBJC_ARC = YES;
				CLANG_ENABLE_OBJC_WEAK = YES;
				CLANG_WARN_BLOCK_CAPTURE_AUTORELEASING = YES;
				CLANG_WARN_BOOL_CONVERSION = YES;
				CLANG_WARN_COMMA = YES;
				CLANG_WARN_CONSTANT_CONVERSION = YES;
				CLANG_WARN_DEPRECATED_OBJC_IMPLEMENTATIONS = YES;
				CLANG_WARN_DIRECT_OBJC_ISA_USAGE = YES_ERROR;
				CLANG_WARN_DOCUMENTATION_COMMENTS = YES;
				CLANG_WARN_EMPTY_BODY = YES;
				CLANG_WARN_ENUM_CONVERSION = YES;
				CLANG_WARN_INFINITE_RECURSION = YES;
				CLANG_WARN_INT_CONVERSION = YES;
				CLANG_WARN_NON_LITERAL_NULL_CONVERSION = YES;
				CLANG_WARN_OBJC_IMPLICIT_RETAIN_SELF = YES;
				CLANG_WARN_OBJC_LITERAL_CONVERSION = YES;
				CLANG_WARN_OBJC_ROOT_CLASS = YES_ERROR;
				CLANG_WARN_QUOTED_INCLUDE_IN_FRAMEWORK_HEADER = YES;
				CLANG_WARN_RANGE_LOOP_ANALYSIS = YES;
				CLANG_WARN_STRICT_PROTOTYPES = YES;
				CLANG_WARN_SUSPICIOUS_MOVE = YES;
				CLANG_WARN_UNGUARDED_AVAILABILITY = YES_AGGRESSIVE;
				CLANG_WARN_UNREACHABLE_CODE = YES;
				CLANG_WARN__DUPLICATE_METHOD_MATCH = YES;
				COPY_PHASE_STRIP = NO;
				DEBUG_INFORMATION_FORMAT = "dwarf-with-dsym";
				ENABLE_NS_ASSERTIONS = NO;
				ENABLE_STRICT_OBJC_MSGSEND = YES;
				ENABLE_USER_SCRIPT_SANDBOXING = YES;
				GCC_C_LANGUAGE_STANDARD = gnu17;
				GCC_NO_COMMON_BLOCKS = YES;
				GCC_WARN_64_TO_32_BIT_CONVERSION = YES;
				GCC_WARN_ABOUT_RETURN_TYPE = YES_ERROR;
				GCC_WARN_UNDECLARED_SELECTOR = YES;
				GCC_WARN_UNINITIALIZED_AUTOS = YES_AGGRESSIVE;
				GCC_WARN_UNUSED_FUNCTION = YES;
				GCC_WARN_UNUSED_VARIABLE = YES;
				IPHONEOS_DEPLOYMENT_TARGET = 18.2;
				LOCALIZATION_PREFERS_STRING_CATALOGS = YES;
				MTL_ENABLE_DEBUG_INFO = NO;
				MTL_FAST_MATH = YES;
				SDKROOT = iphoneos;
				SWIFT_COMPILATION_MODE = wholemodule;
				VALIDATE_PRODUCT = YES;
			};
			name = Release;
		};
		B67741E92D54916B00005E70 /* Debug */ = {
			isa = XCBuildConfiguration;
			buildSettings = {
				ASSETCATALOG_COMPILER_APPICON_NAME = AppIcon;
				ASSETCATALOG_COMPILER_GLOBAL_ACCENT_COLOR_NAME = AccentColor;
				CODE_SIGN_STYLE = Automatic;
				CURRENT_PROJECT_VERSION = 1;
				DEVELOPMENT_ASSET_PATHS = "\"PocketCookbook/Preview Content\"";
				DEVELOPMENT_TEAM = T7N6E9U8UB;
				ENABLE_PREVIEWS = YES;
				GENERATE_INFOPLIST_FILE = YES;
				INFOPLIST_KEY_UIApplicationSceneManifest_Generation = YES;
				INFOPLIST_KEY_UIApplicationSupportsIndirectInputEvents = YES;
				INFOPLIST_KEY_UILaunchScreen_Generation = YES;
				INFOPLIST_KEY_UISupportedInterfaceOrientations_iPad = "UIInterfaceOrientationPortrait UIInterfaceOrientationPortraitUpsideDown UIInterfaceOrientationLandscapeLeft UIInterfaceOrientationLandscapeRight";
				INFOPLIST_KEY_UISupportedInterfaceOrientations_iPhone = "UIInterfaceOrientationPortrait UIInterfaceOrientationLandscapeLeft UIInterfaceOrientationLandscapeRight";
				LD_RUNPATH_SEARCH_PATHS = (
					"$(inherited)",
					"@executable_path/Frameworks",
				);
				MARKETING_VERSION = 1.0;
				PRODUCT_BUNDLE_IDENTIFIER = com.dominicancrum.PocketCookbook;
				PRODUCT_NAME = "$(TARGET_NAME)";
				SWIFT_EMIT_LOC_STRINGS = YES;
				SWIFT_VERSION = 5.0;
				TARGETED_DEVICE_FAMILY = "1,2";
			};
			name = Debug;
		};
		B67741EA2D54916B00005E70 /* Release */ = {
			isa = XCBuildConfiguration;
			buildSettings = {
				ASSETCATALOG_COMPILER_APPICON_NAME = AppIcon;
				ASSETCATALOG_COMPILER_GLOBAL_ACCENT_COLOR_NAME = AccentColor;
				CODE_SIGN_STYLE = Automatic;
				CURRENT_PROJECT_VERSION = 1;
				DEVELOPMENT_ASSET_PATHS = "\"PocketCookbook/Preview Content\"";
				DEVELOPMENT_TEAM = T7N6E9U8UB;
				ENABLE_PREVIEWS = YES;
				GENERATE_INFOPLIST_FILE = YES;
				INFOPLIST_KEY_UIApplicationSceneManifest_Generation = YES;
				INFOPLIST_KEY_UIApplicationSupportsIndirectInputEvents = YES;
				INFOPLIST_KEY_UILaunchScreen_Generation = YES;
				INFOPLIST_KEY_UISupportedInterfaceOrientations_iPad = "UIInterfaceOrientationPortrait UIInterfaceOrientationPortraitUpsideDown UIInterfaceOrientationLandscapeLeft UIInterfaceOrientationLandscapeRight";
				INFOPLIST_KEY_UISupportedInterfaceOrientations_iPhone = "UIInterfaceOrientationPortrait UIInterfaceOrientationLandscapeLeft UIInterfaceOrientationLandscapeRight";
				LD_RUNPATH_SEARCH_PATHS = (
					"$(inherited)",
					"@executable_path/Frameworks",
				);
				MARKETING_VERSION = 1.0;
				PRODUCT_BUNDLE_IDENTIFIER = com.dominicancrum.PocketCookbook;
				PRODUCT_NAME = "$(TARGET_NAME)";
				SWIFT_EMIT_LOC_STRINGS = YES;
				SWIFT_VERSION = 5.0;
				TARGETED_DEVICE_FAMILY = "1,2";
			};
			name = Release;
		};
		B67741EC2D54916B00005E70 /* Debug */ = {
			isa = XCBuildConfiguration;
			buildSettings = {
				BUNDLE_LOADER = "$(TEST_HOST)";
				CODE_SIGN_STYLE = Automatic;
				CURRENT_PROJECT_VERSION = 1;
				DEVELOPMENT_TEAM = T7N6E9U8UB;
				GENERATE_INFOPLIST_FILE = YES;
				IPHONEOS_DEPLOYMENT_TARGET = 18.2;
				MARKETING_VERSION = 1.0;
				PRODUCT_BUNDLE_IDENTIFIER = com.dominicancrum.PocketCookbookTests;
				PRODUCT_NAME = "$(TARGET_NAME)";
				SWIFT_EMIT_LOC_STRINGS = NO;
				SWIFT_VERSION = 5.0;
				TARGETED_DEVICE_FAMILY = "1,2";
				TEST_HOST = "$(BUILT_PRODUCTS_DIR)/PocketCookbook.app/$(BUNDLE_EXECUTABLE_FOLDER_PATH)/PocketCookbook";
			};
			name = Debug;
		};
		B67741ED2D54916B00005E70 /* Release */ = {
			isa = XCBuildConfiguration;
			buildSettings = {
				BUNDLE_LOADER = "$(TEST_HOST)";
				CODE_SIGN_STYLE = Automatic;
				CURRENT_PROJECT_VERSION = 1;
				DEVELOPMENT_TEAM = T7N6E9U8UB;
				GENERATE_INFOPLIST_FILE = YES;
				IPHONEOS_DEPLOYMENT_TARGET = 18.2;
				MARKETING_VERSION = 1.0;
				PRODUCT_BUNDLE_IDENTIFIER = com.dominicancrum.PocketCookbookTests;
				PRODUCT_NAME = "$(TARGET_NAME)";
				SWIFT_EMIT_LOC_STRINGS = NO;
				SWIFT_VERSION = 5.0;
				TARGETED_DEVICE_FAMILY = "1,2";
				TEST_HOST = "$(BUILT_PRODUCTS_DIR)/PocketCookbook.app/$(BUNDLE_EXECUTABLE_FOLDER_PATH)/PocketCookbook";
			};
			name = Release;
		};
		B67741EF2D54916B00005E70 /* Debug */ = {
			isa = XCBuildConfiguration;
			buildSettings = {
				CODE_SIGN_STYLE = Automatic;
				CURRENT_PROJECT_VERSION = 1;
				DEVELOPMENT_TEAM = T7N6E9U8UB;
				GENERATE_INFOPLIST_FILE = YES;
				MARKETING_VERSION = 1.0;
				PRODUCT_BUNDLE_IDENTIFIER = com.dominicancrum.PocketCookbookUITests;
				PRODUCT_NAME = "$(TARGET_NAME)";
				SWIFT_EMIT_LOC_STRINGS = NO;
				SWIFT_VERSION = 5.0;
				TARGETED_DEVICE_FAMILY = "1,2";
				TEST_TARGET_NAME = PocketCookbook;
			};
			name = Debug;
		};
		B67741F02D54916B00005E70 /* Release */ = {
			isa = XCBuildConfiguration;
			buildSettings = {
				CODE_SIGN_STYLE = Automatic;
				CURRENT_PROJECT_VERSION = 1;
				DEVELOPMENT_TEAM = T7N6E9U8UB;
				GENERATE_INFOPLIST_FILE = YES;
				MARKETING_VERSION = 1.0;
				PRODUCT_BUNDLE_IDENTIFIER = com.dominicancrum.PocketCookbookUITests;
				PRODUCT_NAME = "$(TARGET_NAME)";
				SWIFT_EMIT_LOC_STRINGS = NO;
				SWIFT_VERSION = 5.0;
				TARGETED_DEVICE_FAMILY = "1,2";
				TEST_TARGET_NAME = PocketCookbook;
			};
			name = Release;
		};
/* End XCBuildConfiguration section */

/* Begin XCConfigurationList section */
		B67741BF2D54916900005E70 /* Build configuration list for PBXProject "PocketCookbook" */ = {
			isa = XCConfigurationList;
			buildConfigurations = (
				B67741E62D54916B00005E70 /* Debug */,
				B67741E72D54916B00005E70 /* Release */,
			);
			defaultConfigurationIsVisible = 0;
			defaultConfigurationName = Release;
		};
		B67741E82D54916B00005E70 /* Build configuration list for PBXNativeTarget "PocketCookbook" */ = {
			isa = XCConfigurationList;
			buildConfigurations = (
				B67741E92D54916B00005E70 /* Debug */,
				B67741EA2D54916B00005E70 /* Release */,
			);
			defaultConfigurationIsVisible = 0;
			defaultConfigurationName = Release;
		};
		B67741EB2D54916B00005E70 /* Build configuration list for PBXNativeTarget "PocketCookbookTests" */ = {
			isa = XCConfigurationList;
			buildConfigurations = (
				B67741EC2D54916B00005E70 /* Debug */,
				B67741ED2D54916B00005E70 /* Release */,
			);
			defaultConfigurationIsVisible = 0;
			defaultConfigurationName = Release;
		};
		B67741EE2D54916B00005E70 /* Build configuration list for PBXNativeTarget "PocketCookbookUITests" */ = {
			isa = XCConfigurationList;
			buildConfigurations = (
				B67741EF2D54916B00005E70 /* Debug */,
				B67741F02D54916B00005E70 /* Release */,
			);
			defaultConfigurationIsVisible = 0;
			defaultConfigurationName = Release;
		};
/* End XCConfigurationList section */

/* Begin XCLocalSwiftPackageReference section */
		B677420E2D63C01100005E70 /* XCLocalSwiftPackageReference "Recipes" */ = {
			isa = XCLocalSwiftPackageReference;
			relativePath = Recipes;
		};
		B67742122D63C1F900005E70 /* XCLocalSwiftPackageReference "NetworkKit" */ = {
			isa = XCLocalSwiftPackageReference;
			relativePath = NetworkKit;
		};
		B677424F2D67C11400005E70 /* XCLocalSwiftPackageReference "Utilities" */ = {
			isa = XCLocalSwiftPackageReference;
			relativePath = Utilities;
		};
/* End XCLocalSwiftPackageReference section */

/* Begin XCSwiftPackageProductDependency section */
		B677420F2D63C01100005E70 /* Recipes */ = {
			isa = XCSwiftPackageProductDependency;
			productName = Recipes;
		};
		B67742132D63C1F900005E70 /* NetworkKit */ = {
			isa = XCSwiftPackageProductDependency;
			productName = NetworkKit;
		};
		B67742502D67C11400005E70 /* Utilities */ = {
			isa = XCSwiftPackageProductDependency;
			productName = Utilities;
		};
/* End XCSwiftPackageProductDependency section */
	};
	rootObject = B67741BC2D54916900005E70 /* Project object */;
}
